{
    "version": 3,
    "terraform_version": "0.11.8",
    "serial": 2,
    "lineage": "fee712e6-cc65-c6b7-8d46-111f3dc418af",
    "modules": [
        {
            "path": [
                "root"
            ],
            "outputs": {
                "cluster_ip": {
                    "sensitive": false,
                    "type": "string",
                    "value": "35.198.117.114"
                }
            },
            "resources": {
                "data.template_file.kubeconfig": {
                    "type": "template_file",
                    "depends_on": [
                        "google_container_cluster.primary"
                    ],
                    "primary": {
                        "id": "bce8612629b889efae57ccce5d3212a686dd3160f86fba7f6bb6b5e98077e161",
                        "attributes": {
                            "id": "bce8612629b889efae57ccce5d3212a686dd3160f86fba7f6bb6b5e98077e161",
                            "rendered": "apiVersion: v1\nkind: Config\npreferences:\n  colors: true\ncurrent-context: tf-k8s-gcp-test\ncontexts:\n- context:\n    cluster: gke-cluster\n    namespace: default\n    user: fds382lkj-2-0kkjlww\n  name: tf-k8s-gcp-test\nclusters:\n- cluster:\n    server: https://35.198.117.114\n    certificate-authority-data: LS0tLS1CRUdJTiBDRVJUSUZJQ0FURS0tLS0tCk1JSURERENDQWZTZ0F3SUJBZ0lSQVBnbXJtYUgydDA5Q3UzcGZvSks2YUV3RFFZSktvWklodmNOQVFFTEJRQXcKTHpFdE1Dc0dBMVVFQXhNa056TmhabU0yTmpndE1EUTFOaTAwT1dJM0xXSXhZelV0T0dJMU1tUmhNR05tTlRVMQpNQjRYRFRFNU1EZ3lNVEUxTkRjeE5Wb1hEVEkwTURneE9URTJORGN4TlZvd0x6RXRNQ3NHQTFVRUF4TWtOek5oClptTTJOamd0TURRMU5pMDBPV0kzTFdJeFl6VXRPR0kxTW1SaE1HTm1OVFUxTUlJQklqQU5CZ2txaGtpRzl3MEIKQVFFRkFBT0NBUThBTUlJQkNnS0NBUUVBNk5iaU43dWpFV3d1dHVkNUhRZ2R5dWt5UmpYdU5aaHFXdmErMTZoagpIMUlid2ExRUQ5SlhnVVlMbi90Z3NxRzdEU3ZGbityZnBQZmVVNXZCOGZHM3VEblo5TUJsQllmTERIOTh3ZFFOCk5SczFYRGlkQ2lWVVdYR01BcmFrU3drclVWYlpib2dLaS9tOU1NYkNxOUJPbDhabHU0K0haWlVNR0hkVnE3bkcKZkJnMjYwdEpxd1RuenpnbEcvNmJiWXFCVjNGb09JNmpJQ2ovK1lIUUtuRHZ4TElSRHUzZjYyTEM5V1ZNeEFlKwpWY0phL3BNeVhBcE9qVnRsUGhueVBDSC9DZjRrZU9IQ0JlekVNbWxlN1ZsYVU0akIzdFkrYWxPRVJ4WDluM0tYCkJSRkFVM3pXRStYNmxmTG5UenliN1JXc1NJV2lZUFExeS9yZDRCVTViRFpzaFFJREFRQUJveU13SVRBT0JnTlYKSFE4QkFmOEVCQU1DQWdRd0R3WURWUjBUQVFIL0JBVXdBd0VCL3pBTkJna3Foa2lHOXcwQkFRc0ZBQU9DQVFFQQpCM0svRlhwZDdJQ1h4WlhOSTdEcHorM3RCVWpHWUNVY0RjTkliWHcvM3p1eFAvSk5UWko0MnJ2K2d1cHZOUlhYClNYQzFZWEtTd1pJb1FiV290elo5QXBqZXczRTlmblVKZ0pNMmlPMnRnbk0wak9hSFY5TjN0K1N5NUh2dHdzSmoKYVMxSGFIVEdjVFNQMkdIbEQ2bWR2d2VUUEluN1dCSGE5dDExRW1qdlFKSlJSYmE4RHcrZ0xtOFJUT09MS2k3WApydVZHNXhmNHUwNEphOXprUERjU080d0hqTVNzTlBzWHM3NFIvd2FYWitneFE0MUtDZ3l0L3h6YkJFMmM0c1B5ClhuRlhHUVE4czBXYzJFaXE1TnZPcFZFWm1FRkVWREJ5d3NBK2FCZElJR2lwRSs4R08rQWFIVmpHb0hVQ3JacCsKc05UQU1MaEV2Rmowd2pTbFVQWVhkZz09Ci0tLS0tRU5EIENFUlRJRklDQVRFLS0tLS0K\n  name: gke-cluster\nusers:\n- name: fds382lkj-2-0kkjlww\n  user:\n    password: rewqr23crwejrr01efew92\n    username: fds382lkj-2-0kkjlww\n    client-certificate-data: \n    client-key-data: \n\n",
                            "template": "apiVersion: v1\nkind: Config\npreferences:\n  colors: true\ncurrent-context: tf-k8s-gcp-test\ncontexts:\n- context:\n    cluster: ${cluster_name}\n    namespace: default\n    user: ${user_name}\n  name: tf-k8s-gcp-test\nclusters:\n- cluster:\n    server: https://${endpoint}\n    certificate-authority-data: ${cluster_ca}\n  name: ${cluster_name}\nusers:\n- name: ${user_name}\n  user:\n    password: ${user_password}\n    username: ${user_name}\n    client-certificate-data: ${client_cert}\n    client-key-data: ${client_cert_key}\n\n",
                            "vars.%": "7",
                            "vars.client_cert": "",
                            "vars.client_cert_key": "",
                            "vars.cluster_ca": "LS0tLS1CRUdJTiBDRVJUSUZJQ0FURS0tLS0tCk1JSURERENDQWZTZ0F3SUJBZ0lSQVBnbXJtYUgydDA5Q3UzcGZvSks2YUV3RFFZSktvWklodmNOQVFFTEJRQXcKTHpFdE1Dc0dBMVVFQXhNa056TmhabU0yTmpndE1EUTFOaTAwT1dJM0xXSXhZelV0T0dJMU1tUmhNR05tTlRVMQpNQjRYRFRFNU1EZ3lNVEUxTkRjeE5Wb1hEVEkwTURneE9URTJORGN4TlZvd0x6RXRNQ3NHQTFVRUF4TWtOek5oClptTTJOamd0TURRMU5pMDBPV0kzTFdJeFl6VXRPR0kxTW1SaE1HTm1OVFUxTUlJQklqQU5CZ2txaGtpRzl3MEIKQVFFRkFBT0NBUThBTUlJQkNnS0NBUUVBNk5iaU43dWpFV3d1dHVkNUhRZ2R5dWt5UmpYdU5aaHFXdmErMTZoagpIMUlid2ExRUQ5SlhnVVlMbi90Z3NxRzdEU3ZGbityZnBQZmVVNXZCOGZHM3VEblo5TUJsQllmTERIOTh3ZFFOCk5SczFYRGlkQ2lWVVdYR01BcmFrU3drclVWYlpib2dLaS9tOU1NYkNxOUJPbDhabHU0K0haWlVNR0hkVnE3bkcKZkJnMjYwdEpxd1RuenpnbEcvNmJiWXFCVjNGb09JNmpJQ2ovK1lIUUtuRHZ4TElSRHUzZjYyTEM5V1ZNeEFlKwpWY0phL3BNeVhBcE9qVnRsUGhueVBDSC9DZjRrZU9IQ0JlekVNbWxlN1ZsYVU0akIzdFkrYWxPRVJ4WDluM0tYCkJSRkFVM3pXRStYNmxmTG5UenliN1JXc1NJV2lZUFExeS9yZDRCVTViRFpzaFFJREFRQUJveU13SVRBT0JnTlYKSFE4QkFmOEVCQU1DQWdRd0R3WURWUjBUQVFIL0JBVXdBd0VCL3pBTkJna3Foa2lHOXcwQkFRc0ZBQU9DQVFFQQpCM0svRlhwZDdJQ1h4WlhOSTdEcHorM3RCVWpHWUNVY0RjTkliWHcvM3p1eFAvSk5UWko0MnJ2K2d1cHZOUlhYClNYQzFZWEtTd1pJb1FiV290elo5QXBqZXczRTlmblVKZ0pNMmlPMnRnbk0wak9hSFY5TjN0K1N5NUh2dHdzSmoKYVMxSGFIVEdjVFNQMkdIbEQ2bWR2d2VUUEluN1dCSGE5dDExRW1qdlFKSlJSYmE4RHcrZ0xtOFJUT09MS2k3WApydVZHNXhmNHUwNEphOXprUERjU080d0hqTVNzTlBzWHM3NFIvd2FYWitneFE0MUtDZ3l0L3h6YkJFMmM0c1B5ClhuRlhHUVE4czBXYzJFaXE1TnZPcFZFWm1FRkVWREJ5d3NBK2FCZElJR2lwRSs4R08rQWFIVmpHb0hVQ3JacCsKc05UQU1MaEV2Rmowd2pTbFVQWVhkZz09Ci0tLS0tRU5EIENFUlRJRklDQVRFLS0tLS0K",
                            "vars.cluster_name": "gke-cluster",
                            "vars.endpoint": "35.198.117.114",
                            "vars.user_name": "fds382lkj-2-0kkjlww",
                            "vars.user_password": "rewqr23crwejrr01efew92"
                        },
                        "meta": {},
                        "tainted": false
                    },
                    "deposed": [],
                    "provider": "provider.template"
                },
                "google_container_cluster.primary": {
                    "type": "google_container_cluster",
                    "depends_on": [],
                    "primary": {
                        "id": "gke-cluster",
                        "attributes": {
                            "additional_zones.#": "0",
                            "addons_config.#": "1",
                            "addons_config.0.horizontal_pod_autoscaling.#": "0",
                            "addons_config.0.http_load_balancing.#": "0",
                            "addons_config.0.kubernetes_dashboard.#": "1",
                            "addons_config.0.kubernetes_dashboard.0.disabled": "true",
                            "addons_config.0.network_policy_config.#": "1",
                            "addons_config.0.network_policy_config.0.disabled": "true",
                            "cluster_autoscaling.#": "0",
                            "cluster_ipv4_cidr": "10.28.0.0/14",
                            "description": "",
                            "enable_kubernetes_alpha": "false",
                            "enable_legacy_abac": "false",
                            "endpoint": "35.198.117.114",
                            "id": "gke-cluster",
                            "initial_node_count": "1",
                            "instance_group_urls.#": "0",
                            "ip_allocation_policy.#": "0",
                            "location": "europe-west3-a",
                            "logging_service": "logging.googleapis.com",
                            "maintenance_policy.#": "0",
                            "master_auth.#": "1",
                            "master_auth.0.client_certificate": "",
                            "master_auth.0.client_certificate_config.#": "1",
                            "master_auth.0.client_certificate_config.0.issue_client_certificate": "false",
                            "master_auth.0.client_key": "",
                            "master_auth.0.cluster_ca_certificate": "LS0tLS1CRUdJTiBDRVJUSUZJQ0FURS0tLS0tCk1JSURERENDQWZTZ0F3SUJBZ0lSQVBnbXJtYUgydDA5Q3UzcGZvSks2YUV3RFFZSktvWklodmNOQVFFTEJRQXcKTHpFdE1Dc0dBMVVFQXhNa056TmhabU0yTmpndE1EUTFOaTAwT1dJM0xXSXhZelV0T0dJMU1tUmhNR05tTlRVMQpNQjRYRFRFNU1EZ3lNVEUxTkRjeE5Wb1hEVEkwTURneE9URTJORGN4TlZvd0x6RXRNQ3NHQTFVRUF4TWtOek5oClptTTJOamd0TURRMU5pMDBPV0kzTFdJeFl6VXRPR0kxTW1SaE1HTm1OVFUxTUlJQklqQU5CZ2txaGtpRzl3MEIKQVFFRkFBT0NBUThBTUlJQkNnS0NBUUVBNk5iaU43dWpFV3d1dHVkNUhRZ2R5dWt5UmpYdU5aaHFXdmErMTZoagpIMUlid2ExRUQ5SlhnVVlMbi90Z3NxRzdEU3ZGbityZnBQZmVVNXZCOGZHM3VEblo5TUJsQllmTERIOTh3ZFFOCk5SczFYRGlkQ2lWVVdYR01BcmFrU3drclVWYlpib2dLaS9tOU1NYkNxOUJPbDhabHU0K0haWlVNR0hkVnE3bkcKZkJnMjYwdEpxd1RuenpnbEcvNmJiWXFCVjNGb09JNmpJQ2ovK1lIUUtuRHZ4TElSRHUzZjYyTEM5V1ZNeEFlKwpWY0phL3BNeVhBcE9qVnRsUGhueVBDSC9DZjRrZU9IQ0JlekVNbWxlN1ZsYVU0akIzdFkrYWxPRVJ4WDluM0tYCkJSRkFVM3pXRStYNmxmTG5UenliN1JXc1NJV2lZUFExeS9yZDRCVTViRFpzaFFJREFRQUJveU13SVRBT0JnTlYKSFE4QkFmOEVCQU1DQWdRd0R3WURWUjBUQVFIL0JBVXdBd0VCL3pBTkJna3Foa2lHOXcwQkFRc0ZBQU9DQVFFQQpCM0svRlhwZDdJQ1h4WlhOSTdEcHorM3RCVWpHWUNVY0RjTkliWHcvM3p1eFAvSk5UWko0MnJ2K2d1cHZOUlhYClNYQzFZWEtTd1pJb1FiV290elo5QXBqZXczRTlmblVKZ0pNMmlPMnRnbk0wak9hSFY5TjN0K1N5NUh2dHdzSmoKYVMxSGFIVEdjVFNQMkdIbEQ2bWR2d2VUUEluN1dCSGE5dDExRW1qdlFKSlJSYmE4RHcrZ0xtOFJUT09MS2k3WApydVZHNXhmNHUwNEphOXprUERjU080d0hqTVNzTlBzWHM3NFIvd2FYWitneFE0MUtDZ3l0L3h6YkJFMmM0c1B5ClhuRlhHUVE4czBXYzJFaXE1TnZPcFZFWm1FRkVWREJ5d3NBK2FCZElJR2lwRSs4R08rQWFIVmpHb0hVQ3JacCsKc05UQU1MaEV2Rmowd2pTbFVQWVhkZz09Ci0tLS0tRU5EIENFUlRJRklDQVRFLS0tLS0K",
                            "master_auth.0.password": "rewqr23crwejrr01efew92",
                            "master_auth.0.username": "fds382lkj-2-0kkjlww",
                            "master_authorized_networks_config.#": "0",
                            "master_version": "1.11.10-gke.6",
                            "min_master_version": "1.11",
                            "monitoring_service": "monitoring.googleapis.com",
                            "name": "gke-cluster",
                            "network": "projects/absolute-router-242207/global/networks/default",
                            "network_policy.#": "1",
                            "network_policy.0.enabled": "false",
                            "network_policy.0.provider": "PROVIDER_UNSPECIFIED",
                            "node_config.#": "0",
                            "node_locations.#": "0",
                            "node_pool.#": "0",
                            "node_version": "1.11.10-gke.6",
                            "private_cluster_config.#": "0",
                            "project": "absolute-router-242207",
                            "remove_default_node_pool": "true",
                            "resource_labels.%": "0",
                            "services_ipv4_cidr": "10.31.240.0/20",
                            "subnetwork": "projects/absolute-router-242207/regions/europe-west3/subnetworks/default",
                            "zone": "europe-west3-a"
                        },
                        "meta": {
                            "e2bfb730-ecaa-11e6-8f88-34363bc7c4c0": {
                                "create": 1800000000000,
                                "delete": 1800000000000,
                                "update": 3600000000000
                            },
                            "schema_version": "1"
                        },
                        "tainted": false
                    },
                    "deposed": [],
                    "provider": "provider.google"
                },
                "google_container_node_pool.primary": {
                    "type": "google_container_node_pool",
                    "depends_on": [
                        "google_container_cluster.primary"
                    ],
                    "primary": {
                        "id": "europe-west3-a/gke-cluster/gke-cluster-node-pool",
                        "attributes": {
                            "cluster": "gke-cluster",
                            "id": "europe-west3-a/gke-cluster/gke-cluster-node-pool",
                            "initial_node_count": "1",
                            "instance_group_urls.#": "1",
                            "instance_group_urls.0": "https://www.googleapis.com/compute/v1/projects/absolute-router-242207/zones/europe-west3-a/instanceGroupManagers/gke-gke-cluster-gke-cluster-node-pool-1f7aa27b-grp",
                            "location": "europe-west3-a",
                            "management.#": "1",
                            "management.0.auto_repair": "false",
                            "management.0.auto_upgrade": "false",
                            "name": "gke-cluster-node-pool",
                            "name_prefix": "",
                            "node_config.#": "1",
                            "node_config.0.disk_size_gb": "100",
                            "node_config.0.disk_type": "pd-standard",
                            "node_config.0.guest_accelerator.#": "0",
                            "node_config.0.image_type": "COS",
                            "node_config.0.labels.%": "0",
                            "node_config.0.local_ssd_count": "0",
                            "node_config.0.machine_type": "n1-standard-1",
                            "node_config.0.metadata.%": "1",
                            "node_config.0.metadata.disable-legacy-endpoints": "true",
                            "node_config.0.min_cpu_platform": "",
                            "node_config.0.oauth_scopes.#": "4",
                            "node_config.0.oauth_scopes.1277378754": "https://www.googleapis.com/auth/monitoring",
                            "node_config.0.oauth_scopes.1632638332": "https://www.googleapis.com/auth/devstorage.read_only",
                            "node_config.0.oauth_scopes.172152165": "https://www.googleapis.com/auth/logging.write",
                            "node_config.0.oauth_scopes.299962681": "https://www.googleapis.com/auth/compute",
                            "node_config.0.preemptible": "false",
                            "node_config.0.sandbox_config.#": "0",
                            "node_config.0.service_account": "default",
                            "node_config.0.tags.#": "0",
                            "node_config.0.taint.#": "0",
                            "node_config.0.workload_metadata_config.#": "0",
                            "node_count": "1",
                            "project": "absolute-router-242207",
                            "version": "1.11.10-gke.6",
                            "zone": "europe-west3-a"
                        },
                        "meta": {
                            "e2bfb730-ecaa-11e6-8f88-34363bc7c4c0": {
                                "create": 1800000000000,
                                "delete": 600000000000,
                                "update": 600000000000
                            },
                            "schema_version": "1"
                        },
                        "tainted": false
                    },
                    "deposed": [],
                    "provider": "provider.google"
                },
                "kubernetes_namespace.dev": {
                    "type": "kubernetes_namespace",
                    "depends_on": [
                        "google_container_node_pool.primary"
                    ],
                    "primary": {
                        "id": "dev",
                        "attributes": {
                            "id": "dev",
                            "metadata.#": "1",
                            "metadata.0.annotations.%": "0",
                            "metadata.0.generate_name": "",
                            "metadata.0.generation": "0",
                            "metadata.0.labels.%": "0",
                            "metadata.0.name": "dev",
                            "metadata.0.resource_version": "1320",
                            "metadata.0.self_link": "/api/v1/namespaces/dev",
                            "metadata.0.uid": "1ec6cb0e-c434-11e9-9f16-42010a9c025d"
                        },
                        "meta": {},
                        "tainted": false
                    },
                    "deposed": [],
                    "provider": "provider.kubernetes"
                },
                "kubernetes_namespace.jenkins": {
                    "type": "kubernetes_namespace",
                    "depends_on": [
                        "google_container_node_pool.primary"
                    ],
                    "primary": {
                        "id": "jenkins",
                        "attributes": {
                            "id": "jenkins",
                            "metadata.#": "1",
                            "metadata.0.annotations.%": "0",
                            "metadata.0.generate_name": "",
                            "metadata.0.generation": "0",
                            "metadata.0.labels.%": "0",
                            "metadata.0.name": "jenkins",
                            "metadata.0.resource_version": "1319",
                            "metadata.0.self_link": "/api/v1/namespaces/jenkins",
                            "metadata.0.uid": "1ec686d1-c434-11e9-9f16-42010a9c025d"
                        },
                        "meta": {},
                        "tainted": false
                    },
                    "deposed": [],
                    "provider": "provider.kubernetes"
                },
                "kubernetes_namespace.prod": {
                    "type": "kubernetes_namespace",
                    "depends_on": [
                        "google_container_node_pool.primary"
                    ],
                    "primary": {
                        "id": "prod",
                        "attributes": {
                            "id": "prod",
                            "metadata.#": "1",
                            "metadata.0.annotations.%": "0",
                            "metadata.0.generate_name": "",
                            "metadata.0.generation": "0",
                            "metadata.0.labels.%": "0",
                            "metadata.0.name": "prod",
                            "metadata.0.resource_version": "1318",
                            "metadata.0.self_link": "/api/v1/namespaces/prod",
                            "metadata.0.uid": "1ec643e8-c434-11e9-9f16-42010a9c025d"
                        },
                        "meta": {},
                        "tainted": false
                    },
                    "deposed": [],
                    "provider": "provider.kubernetes"
                },
                "local_file.kubeconfig": {
                    "type": "local_file",
                    "depends_on": [
                        "data.template_file.kubeconfig"
                    ],
                    "primary": {
                        "id": "ffd6d98d627b9e87ba27ef3500d9dfb0b3c2bf39",
                        "attributes": {
                            "content": "apiVersion: v1\nkind: Config\npreferences:\n  colors: true\ncurrent-context: tf-k8s-gcp-test\ncontexts:\n- context:\n    cluster: gke-cluster\n    namespace: default\n    user: fds382lkj-2-0kkjlww\n  name: tf-k8s-gcp-test\nclusters:\n- cluster:\n    server: https://35.198.117.114\n    certificate-authority-data: LS0tLS1CRUdJTiBDRVJUSUZJQ0FURS0tLS0tCk1JSURERENDQWZTZ0F3SUJBZ0lSQVBnbXJtYUgydDA5Q3UzcGZvSks2YUV3RFFZSktvWklodmNOQVFFTEJRQXcKTHpFdE1Dc0dBMVVFQXhNa056TmhabU0yTmpndE1EUTFOaTAwT1dJM0xXSXhZelV0T0dJMU1tUmhNR05tTlRVMQpNQjRYRFRFNU1EZ3lNVEUxTkRjeE5Wb1hEVEkwTURneE9URTJORGN4TlZvd0x6RXRNQ3NHQTFVRUF4TWtOek5oClptTTJOamd0TURRMU5pMDBPV0kzTFdJeFl6VXRPR0kxTW1SaE1HTm1OVFUxTUlJQklqQU5CZ2txaGtpRzl3MEIKQVFFRkFBT0NBUThBTUlJQkNnS0NBUUVBNk5iaU43dWpFV3d1dHVkNUhRZ2R5dWt5UmpYdU5aaHFXdmErMTZoagpIMUlid2ExRUQ5SlhnVVlMbi90Z3NxRzdEU3ZGbityZnBQZmVVNXZCOGZHM3VEblo5TUJsQllmTERIOTh3ZFFOCk5SczFYRGlkQ2lWVVdYR01BcmFrU3drclVWYlpib2dLaS9tOU1NYkNxOUJPbDhabHU0K0haWlVNR0hkVnE3bkcKZkJnMjYwdEpxd1RuenpnbEcvNmJiWXFCVjNGb09JNmpJQ2ovK1lIUUtuRHZ4TElSRHUzZjYyTEM5V1ZNeEFlKwpWY0phL3BNeVhBcE9qVnRsUGhueVBDSC9DZjRrZU9IQ0JlekVNbWxlN1ZsYVU0akIzdFkrYWxPRVJ4WDluM0tYCkJSRkFVM3pXRStYNmxmTG5UenliN1JXc1NJV2lZUFExeS9yZDRCVTViRFpzaFFJREFRQUJveU13SVRBT0JnTlYKSFE4QkFmOEVCQU1DQWdRd0R3WURWUjBUQVFIL0JBVXdBd0VCL3pBTkJna3Foa2lHOXcwQkFRc0ZBQU9DQVFFQQpCM0svRlhwZDdJQ1h4WlhOSTdEcHorM3RCVWpHWUNVY0RjTkliWHcvM3p1eFAvSk5UWko0MnJ2K2d1cHZOUlhYClNYQzFZWEtTd1pJb1FiV290elo5QXBqZXczRTlmblVKZ0pNMmlPMnRnbk0wak9hSFY5TjN0K1N5NUh2dHdzSmoKYVMxSGFIVEdjVFNQMkdIbEQ2bWR2d2VUUEluN1dCSGE5dDExRW1qdlFKSlJSYmE4RHcrZ0xtOFJUT09MS2k3WApydVZHNXhmNHUwNEphOXprUERjU080d0hqTVNzTlBzWHM3NFIvd2FYWitneFE0MUtDZ3l0L3h6YkJFMmM0c1B5ClhuRlhHUVE4czBXYzJFaXE1TnZPcFZFWm1FRkVWREJ5d3NBK2FCZElJR2lwRSs4R08rQWFIVmpHb0hVQ3JacCsKc05UQU1MaEV2Rmowd2pTbFVQWVhkZz09Ci0tLS0tRU5EIENFUlRJRklDQVRFLS0tLS0K\n  name: gke-cluster\nusers:\n- name: fds382lkj-2-0kkjlww\n  user:\n    password: rewqr23crwejrr01efew92\n    username: fds382lkj-2-0kkjlww\n    client-certificate-data: \n    client-key-data: \n\n",
                            "filename": "kubeconfig",
                            "id": "ffd6d98d627b9e87ba27ef3500d9dfb0b3c2bf39"
                        },
                        "meta": {},
                        "tainted": false
                    },
                    "deposed": [],
                    "provider": "provider.local"
                },
                "null_resource.configure_tiller_jenkins": {
                    "type": "null_resource",
                    "depends_on": [
                        "google_container_node_pool.primary",
                        "kubernetes_namespace.jenkins",
                        "local_file.kubeconfig"
                    ],
                    "primary": {
                        "id": "8381152242853012779",
                        "attributes": {
                            "id": "8381152242853012779"
                        },
                        "meta": {},
                        "tainted": false
                    },
                    "deposed": [],
                    "provider": "provider.null"
                }
            },
            "depends_on": []
        }
    ]
}
