{
    "version": 3,
    "terraform_version": "0.10.7",
    "serial": 1,
    "lineage": "19aff686-76d0-4ace-aa23-27cd2b1eb3a3",
    "modules": [
        {
            "path": [
                "root"
            ],
            "outputs": {
                "cluster_ip": {
                    "sensitive": false,
                    "type": "string",
                    "value": "35.246.133.118"
                }
            },
            "resources": {
                "data.template_file.kubeconfig": {
                    "type": "template_file",
                    "depends_on": [
                        "google_container_cluster.primary"
                    ],
                    "primary": {
                        "id": "01b95bc73327d04b1f0eb85456b24c25747f81dc3928502edca4793b88079305",
                        "attributes": {
                            "id": "01b95bc73327d04b1f0eb85456b24c25747f81dc3928502edca4793b88079305",
                            "rendered": "apiVersion: v1\nkind: Config\npreferences:\n  colors: true\ncurrent-context: tf-k8s-gcp-test\ncontexts:\n- context:\n    cluster: gke-cluster\n    namespace: default\n    user: fds382lkj-2-0kkjlww\n  name: tf-k8s-gcp-test\nclusters:\n- cluster:\n    server: https://35.246.133.118\n    certificate-authority-data: LS0tLS1CRUdJTiBDRVJUSUZJQ0FURS0tLS0tCk1JSURDekNDQWZPZ0F3SUJBZ0lRTWl0UUd3OUNxN29VcE9pVGxmRStPREFOQmdrcWhraUc5dzBCQVFzRkFEQXYKTVMwd0t3WURWUVFERXlReE5UTXlZak15T1Mxa1pqSTRMVFF6TkdFdE9URTJZaTB4TURJMU56TXdNekZtWkdJdwpIaGNOTVRrd09ESXdNVGd5TkRBd1doY05NalF3T0RFNE1Ua3lOREF3V2pBdk1TMHdLd1lEVlFRREV5UXhOVE15CllqTXlPUzFrWmpJNExUUXpOR0V0T1RFMllpMHhNREkxTnpNd016Rm1aR0l3Z2dFaU1BMEdDU3FHU0liM0RRRUIKQVFVQUE0SUJEd0F3Z2dFS0FvSUJBUURTSWZBNVladk9sa2tiMnJHRkVSVi9FVlZGNnBUdEhGVldodkpEZnhaZgpRSXd4aXU3bldwZW4vQlplU0Mxc1lUcEhNb3YraGE3bWlETFJ5eTczemdlTXhORUxXbHpNZjNMSEljYldyS2lZCkF0N0FSN0VQTjI5TExuNmlzakRHWUxhTzM2MUYvRTNTYlRLZTRPRG9qVnp6M0NIVEMrQmFzK3NtU2RnUUpOZ3IKUk9VQk94bEZybWEyNHBaKzJnMU1veHFsVEtJRVEwbjRTZ3Vzc29zWWFSOUtUaGFPNURVNU1IdzNNSU1LeTJieQpBTlZVeFJjNkQ2T0JFQi9uUktSY2FtbzNVb1JMSHFLVExySnlNSmttSUpwdi94RU5vRFFlRnQyaDRpdGRXWUlVCjR0UHRSVVd3UHB1VFhtYUl1UVlXWWdNaEZaVFZMc0poVEdXZ1dCRVFrZUlYQWdNQkFBR2pJekFoTUE0R0ExVWQKRHdFQi93UUVBd0lDQkRBUEJnTlZIUk1CQWY4RUJUQURBUUgvTUEwR0NTcUdTSWIzRFFFQkN3VUFBNElCQVFDSwpNa0dmN25mdUpvZmNuRWl6YjVublpsZzdmTHUvaDZvR2plSVc0bVRWcTRzOExKK2JCMGtyaEluT1hJTHpyaVJnCjZmYTJ2NWsyMk1CK0lXcFRTS1R3RXNnVmp6WWo2K0paVzZiYjByYWlRWlFGa1lCOUc4aTlZTTBBTC94VlNsdHUKK3dPQWIyb2toT0MzbVRTamVYZGRVczJ2YS8wWUFlVVV1SVBDdjU4YUExN0ZvR1hueXNtQ2dpR0t6dzRGaUwreAppSjF3TWdCKzcxOThtdDZVVS8raDIzaHdlNDNkcWYvSmhRbzJqZXNHOFVHeDlZeTRLaDhyckhJVDEveXNKbXRrClZIYlRPYytuS2pmVDZaL2E5cld0K0xxdkREdXpkdUJsVm8xVVFqWDRDamZXUHBIZnYxVUpCU3FyWlhUZGVYejgKQVBWRm9SNGFpb0tlUjBha1hhbjgKLS0tLS1FTkQgQ0VSVElGSUNBVEUtLS0tLQo=\n  name: gke-cluster\nusers:\n- name: fds382lkj-2-0kkjlww\n  user:\n    password: rewqr23crwejrr01efew92\n    username: fds382lkj-2-0kkjlww\n    client-certificate-data: \n    client-key-data: \n\n",
                            "template": "apiVersion: v1\nkind: Config\npreferences:\n  colors: true\ncurrent-context: tf-k8s-gcp-test\ncontexts:\n- context:\n    cluster: ${cluster_name}\n    namespace: default\n    user: ${user_name}\n  name: tf-k8s-gcp-test\nclusters:\n- cluster:\n    server: https://${endpoint}\n    certificate-authority-data: ${cluster_ca}\n  name: ${cluster_name}\nusers:\n- name: ${user_name}\n  user:\n    password: ${user_password}\n    username: ${user_name}\n    client-certificate-data: ${client_cert}\n    client-key-data: ${client_cert_key}\n\n",
                            "vars.%": "7",
                            "vars.client_cert": "",
                            "vars.client_cert_key": "",
                            "vars.cluster_ca": "LS0tLS1CRUdJTiBDRVJUSUZJQ0FURS0tLS0tCk1JSURDekNDQWZPZ0F3SUJBZ0lRTWl0UUd3OUNxN29VcE9pVGxmRStPREFOQmdrcWhraUc5dzBCQVFzRkFEQXYKTVMwd0t3WURWUVFERXlReE5UTXlZak15T1Mxa1pqSTRMVFF6TkdFdE9URTJZaTB4TURJMU56TXdNekZtWkdJdwpIaGNOTVRrd09ESXdNVGd5TkRBd1doY05NalF3T0RFNE1Ua3lOREF3V2pBdk1TMHdLd1lEVlFRREV5UXhOVE15CllqTXlPUzFrWmpJNExUUXpOR0V0T1RFMllpMHhNREkxTnpNd016Rm1aR0l3Z2dFaU1BMEdDU3FHU0liM0RRRUIKQVFVQUE0SUJEd0F3Z2dFS0FvSUJBUURTSWZBNVladk9sa2tiMnJHRkVSVi9FVlZGNnBUdEhGVldodkpEZnhaZgpRSXd4aXU3bldwZW4vQlplU0Mxc1lUcEhNb3YraGE3bWlETFJ5eTczemdlTXhORUxXbHpNZjNMSEljYldyS2lZCkF0N0FSN0VQTjI5TExuNmlzakRHWUxhTzM2MUYvRTNTYlRLZTRPRG9qVnp6M0NIVEMrQmFzK3NtU2RnUUpOZ3IKUk9VQk94bEZybWEyNHBaKzJnMU1veHFsVEtJRVEwbjRTZ3Vzc29zWWFSOUtUaGFPNURVNU1IdzNNSU1LeTJieQpBTlZVeFJjNkQ2T0JFQi9uUktSY2FtbzNVb1JMSHFLVExySnlNSmttSUpwdi94RU5vRFFlRnQyaDRpdGRXWUlVCjR0UHRSVVd3UHB1VFhtYUl1UVlXWWdNaEZaVFZMc0poVEdXZ1dCRVFrZUlYQWdNQkFBR2pJekFoTUE0R0ExVWQKRHdFQi93UUVBd0lDQkRBUEJnTlZIUk1CQWY4RUJUQURBUUgvTUEwR0NTcUdTSWIzRFFFQkN3VUFBNElCQVFDSwpNa0dmN25mdUpvZmNuRWl6YjVublpsZzdmTHUvaDZvR2plSVc0bVRWcTRzOExKK2JCMGtyaEluT1hJTHpyaVJnCjZmYTJ2NWsyMk1CK0lXcFRTS1R3RXNnVmp6WWo2K0paVzZiYjByYWlRWlFGa1lCOUc4aTlZTTBBTC94VlNsdHUKK3dPQWIyb2toT0MzbVRTamVYZGRVczJ2YS8wWUFlVVV1SVBDdjU4YUExN0ZvR1hueXNtQ2dpR0t6dzRGaUwreAppSjF3TWdCKzcxOThtdDZVVS8raDIzaHdlNDNkcWYvSmhRbzJqZXNHOFVHeDlZeTRLaDhyckhJVDEveXNKbXRrClZIYlRPYytuS2pmVDZaL2E5cld0K0xxdkREdXpkdUJsVm8xVVFqWDRDamZXUHBIZnYxVUpCU3FyWlhUZGVYejgKQVBWRm9SNGFpb0tlUjBha1hhbjgKLS0tLS1FTkQgQ0VSVElGSUNBVEUtLS0tLQo=",
                            "vars.cluster_name": "gke-cluster",
                            "vars.endpoint": "35.246.133.118",
                            "vars.user_name": "fds382lkj-2-0kkjlww",
                            "vars.user_password": "rewqr23crwejrr01efew92"
                        },
                        "meta": {},
                        "tainted": false
                    },
                    "deposed": [],
                    "provider": ""
                },
                "google_container_cluster.primary": {
                    "type": "google_container_cluster",
                    "depends_on": [],
                    "primary": {
                        "id": "gke-cluster",
                        "attributes": {
                            "additional_zones.#": "0",
                            "addons_config.#": "1",
                            "addons_config.0.horizontal_pod_autoscaling.#": "0",
                            "addons_config.0.http_load_balancing.#": "0",
                            "addons_config.0.kubernetes_dashboard.#": "1",
                            "addons_config.0.kubernetes_dashboard.0.disabled": "true",
                            "addons_config.0.network_policy_config.#": "1",
                            "addons_config.0.network_policy_config.0.disabled": "true",
                            "cluster_autoscaling.#": "0",
                            "cluster_ipv4_cidr": "10.28.0.0/14",
                            "description": "",
                            "enable_kubernetes_alpha": "false",
                            "enable_legacy_abac": "false",
                            "endpoint": "35.246.133.118",
                            "id": "gke-cluster",
                            "initial_node_count": "1",
                            "instance_group_urls.#": "0",
                            "ip_allocation_policy.#": "0",
                            "location": "europe-west3-a",
                            "logging_service": "logging.googleapis.com",
                            "maintenance_policy.#": "0",
                            "master_auth.#": "1",
                            "master_auth.0.client_certificate": "",
                            "master_auth.0.client_certificate_config.#": "1",
                            "master_auth.0.client_certificate_config.0.issue_client_certificate": "false",
                            "master_auth.0.client_key": "",
                            "master_auth.0.cluster_ca_certificate": "LS0tLS1CRUdJTiBDRVJUSUZJQ0FURS0tLS0tCk1JSURDekNDQWZPZ0F3SUJBZ0lRTWl0UUd3OUNxN29VcE9pVGxmRStPREFOQmdrcWhraUc5dzBCQVFzRkFEQXYKTVMwd0t3WURWUVFERXlReE5UTXlZak15T1Mxa1pqSTRMVFF6TkdFdE9URTJZaTB4TURJMU56TXdNekZtWkdJdwpIaGNOTVRrd09ESXdNVGd5TkRBd1doY05NalF3T0RFNE1Ua3lOREF3V2pBdk1TMHdLd1lEVlFRREV5UXhOVE15CllqTXlPUzFrWmpJNExUUXpOR0V0T1RFMllpMHhNREkxTnpNd016Rm1aR0l3Z2dFaU1BMEdDU3FHU0liM0RRRUIKQVFVQUE0SUJEd0F3Z2dFS0FvSUJBUURTSWZBNVladk9sa2tiMnJHRkVSVi9FVlZGNnBUdEhGVldodkpEZnhaZgpRSXd4aXU3bldwZW4vQlplU0Mxc1lUcEhNb3YraGE3bWlETFJ5eTczemdlTXhORUxXbHpNZjNMSEljYldyS2lZCkF0N0FSN0VQTjI5TExuNmlzakRHWUxhTzM2MUYvRTNTYlRLZTRPRG9qVnp6M0NIVEMrQmFzK3NtU2RnUUpOZ3IKUk9VQk94bEZybWEyNHBaKzJnMU1veHFsVEtJRVEwbjRTZ3Vzc29zWWFSOUtUaGFPNURVNU1IdzNNSU1LeTJieQpBTlZVeFJjNkQ2T0JFQi9uUktSY2FtbzNVb1JMSHFLVExySnlNSmttSUpwdi94RU5vRFFlRnQyaDRpdGRXWUlVCjR0UHRSVVd3UHB1VFhtYUl1UVlXWWdNaEZaVFZMc0poVEdXZ1dCRVFrZUlYQWdNQkFBR2pJekFoTUE0R0ExVWQKRHdFQi93UUVBd0lDQkRBUEJnTlZIUk1CQWY4RUJUQURBUUgvTUEwR0NTcUdTSWIzRFFFQkN3VUFBNElCQVFDSwpNa0dmN25mdUpvZmNuRWl6YjVublpsZzdmTHUvaDZvR2plSVc0bVRWcTRzOExKK2JCMGtyaEluT1hJTHpyaVJnCjZmYTJ2NWsyMk1CK0lXcFRTS1R3RXNnVmp6WWo2K0paVzZiYjByYWlRWlFGa1lCOUc4aTlZTTBBTC94VlNsdHUKK3dPQWIyb2toT0MzbVRTamVYZGRVczJ2YS8wWUFlVVV1SVBDdjU4YUExN0ZvR1hueXNtQ2dpR0t6dzRGaUwreAppSjF3TWdCKzcxOThtdDZVVS8raDIzaHdlNDNkcWYvSmhRbzJqZXNHOFVHeDlZeTRLaDhyckhJVDEveXNKbXRrClZIYlRPYytuS2pmVDZaL2E5cld0K0xxdkREdXpkdUJsVm8xVVFqWDRDamZXUHBIZnYxVUpCU3FyWlhUZGVYejgKQVBWRm9SNGFpb0tlUjBha1hhbjgKLS0tLS1FTkQgQ0VSVElGSUNBVEUtLS0tLQo=",
                            "master_auth.0.password": "rewqr23crwejrr01efew92",
                            "master_auth.0.username": "fds382lkj-2-0kkjlww",
                            "master_authorized_networks_config.#": "0",
                            "master_version": "1.11.10-gke.6",
                            "min_master_version": "1.11",
                            "monitoring_service": "monitoring.googleapis.com",
                            "name": "gke-cluster",
                            "network": "projects/absolute-router-242207/global/networks/default",
                            "network_policy.#": "1",
                            "network_policy.0.enabled": "false",
                            "network_policy.0.provider": "PROVIDER_UNSPECIFIED",
                            "node_config.#": "0",
                            "node_locations.#": "0",
                            "node_pool.#": "0",
                            "node_version": "1.11.10-gke.6",
                            "private_cluster_config.#": "0",
                            "project": "absolute-router-242207",
                            "remove_default_node_pool": "true",
                            "resource_labels.%": "0",
                            "services_ipv4_cidr": "10.31.240.0/20",
                            "subnetwork": "projects/absolute-router-242207/regions/europe-west3/subnetworks/default",
                            "zone": "europe-west3-a"
                        },
                        "meta": {
                            "e2bfb730-ecaa-11e6-8f88-34363bc7c4c0": {
                                "create": 1800000000000,
                                "delete": 1800000000000,
                                "update": 3600000000000
                            },
                            "schema_version": "1"
                        },
                        "tainted": false
                    },
                    "deposed": [],
                    "provider": ""
                },
                "google_container_node_pool.primary": {
                    "type": "google_container_node_pool",
                    "depends_on": [
                        "google_container_cluster.primary"
                    ],
                    "primary": {
                        "id": "europe-west3-a/gke-cluster/gke-cluster-node-pool",
                        "attributes": {
                            "cluster": "gke-cluster",
                            "id": "europe-west3-a/gke-cluster/gke-cluster-node-pool",
                            "initial_node_count": "1",
                            "instance_group_urls.#": "1",
                            "instance_group_urls.0": "https://www.googleapis.com/compute/v1/projects/absolute-router-242207/zones/europe-west3-a/instanceGroupManagers/gke-gke-cluster-gke-cluster-node-pool-4c964348-grp",
                            "location": "europe-west3-a",
                            "management.#": "1",
                            "management.0.auto_repair": "false",
                            "management.0.auto_upgrade": "false",
                            "name": "gke-cluster-node-pool",
                            "name_prefix": "",
                            "node_config.#": "1",
                            "node_config.0.disk_size_gb": "100",
                            "node_config.0.disk_type": "pd-standard",
                            "node_config.0.guest_accelerator.#": "0",
                            "node_config.0.image_type": "COS",
                            "node_config.0.labels.%": "0",
                            "node_config.0.local_ssd_count": "0",
                            "node_config.0.machine_type": "n1-standard-1",
                            "node_config.0.metadata.%": "1",
                            "node_config.0.metadata.disable-legacy-endpoints": "true",
                            "node_config.0.min_cpu_platform": "",
                            "node_config.0.oauth_scopes.#": "4",
                            "node_config.0.oauth_scopes.1277378754": "https://www.googleapis.com/auth/monitoring",
                            "node_config.0.oauth_scopes.1632638332": "https://www.googleapis.com/auth/devstorage.read_only",
                            "node_config.0.oauth_scopes.172152165": "https://www.googleapis.com/auth/logging.write",
                            "node_config.0.oauth_scopes.299962681": "https://www.googleapis.com/auth/compute",
                            "node_config.0.preemptible": "false",
                            "node_config.0.sandbox_config.#": "0",
                            "node_config.0.service_account": "default",
                            "node_config.0.tags.#": "0",
                            "node_config.0.taint.#": "0",
                            "node_config.0.workload_metadata_config.#": "0",
                            "node_count": "1",
                            "project": "absolute-router-242207",
                            "version": "1.11.10-gke.6",
                            "zone": "europe-west3-a"
                        },
                        "meta": {
                            "e2bfb730-ecaa-11e6-8f88-34363bc7c4c0": {
                                "create": 1800000000000,
                                "delete": 600000000000,
                                "update": 600000000000
                            },
                            "schema_version": "1"
                        },
                        "tainted": false
                    },
                    "deposed": [],
                    "provider": ""
                },
                "kubernetes_namespace.dev": {
                    "type": "kubernetes_namespace",
                    "depends_on": [
                        "google_container_node_pool.primary"
                    ],
                    "primary": {
                        "id": "dev",
                        "attributes": {
                            "id": "dev",
                            "metadata.#": "1",
                            "metadata.0.annotations.%": "0",
                            "metadata.0.generate_name": "",
                            "metadata.0.generation": "0",
                            "metadata.0.labels.%": "0",
                            "metadata.0.name": "dev",
                            "metadata.0.resource_version": "1323",
                            "metadata.0.self_link": "/api/v1/namespaces/dev",
                            "metadata.0.uid": "d9fe1cc7-c380-11e9-9073-42010a9c004b"
                        },
                        "meta": {},
                        "tainted": false
                    },
                    "deposed": [],
                    "provider": ""
                },
                "kubernetes_namespace.jenkins": {
                    "type": "kubernetes_namespace",
                    "depends_on": [
                        "google_container_node_pool.primary"
                    ],
                    "primary": {
                        "id": "jenkins",
                        "attributes": {
                            "id": "jenkins",
                            "metadata.#": "1",
                            "metadata.0.annotations.%": "0",
                            "metadata.0.generate_name": "",
                            "metadata.0.generation": "0",
                            "metadata.0.labels.%": "0",
                            "metadata.0.name": "jenkins",
                            "metadata.0.resource_version": "1324",
                            "metadata.0.self_link": "/api/v1/namespaces/jenkins",
                            "metadata.0.uid": "d9fe6495-c380-11e9-9073-42010a9c004b"
                        },
                        "meta": {},
                        "tainted": false
                    },
                    "deposed": [],
                    "provider": ""
                },
                "kubernetes_namespace.prod": {
                    "type": "kubernetes_namespace",
                    "depends_on": [
                        "google_container_node_pool.primary"
                    ],
                    "primary": {
                        "id": "prod",
                        "attributes": {
                            "id": "prod",
                            "metadata.#": "1",
                            "metadata.0.annotations.%": "0",
                            "metadata.0.generate_name": "",
                            "metadata.0.generation": "0",
                            "metadata.0.labels.%": "0",
                            "metadata.0.name": "prod",
                            "metadata.0.resource_version": "1325",
                            "metadata.0.self_link": "/api/v1/namespaces/prod",
                            "metadata.0.uid": "d9fe9825-c380-11e9-9073-42010a9c004b"
                        },
                        "meta": {},
                        "tainted": false
                    },
                    "deposed": [],
                    "provider": ""
                },
                "local_file.kubeconfig": {
                    "type": "local_file",
                    "depends_on": [
                        "data.template_file.kubeconfig"
                    ],
                    "primary": {
                        "id": "e1c544a70a4bf0c4e08c990ec1273d2d110bd214",
                        "attributes": {
                            "content": "apiVersion: v1\nkind: Config\npreferences:\n  colors: true\ncurrent-context: tf-k8s-gcp-test\ncontexts:\n- context:\n    cluster: gke-cluster\n    namespace: default\n    user: fds382lkj-2-0kkjlww\n  name: tf-k8s-gcp-test\nclusters:\n- cluster:\n    server: https://35.246.133.118\n    certificate-authority-data: LS0tLS1CRUdJTiBDRVJUSUZJQ0FURS0tLS0tCk1JSURDekNDQWZPZ0F3SUJBZ0lRTWl0UUd3OUNxN29VcE9pVGxmRStPREFOQmdrcWhraUc5dzBCQVFzRkFEQXYKTVMwd0t3WURWUVFERXlReE5UTXlZak15T1Mxa1pqSTRMVFF6TkdFdE9URTJZaTB4TURJMU56TXdNekZtWkdJdwpIaGNOTVRrd09ESXdNVGd5TkRBd1doY05NalF3T0RFNE1Ua3lOREF3V2pBdk1TMHdLd1lEVlFRREV5UXhOVE15CllqTXlPUzFrWmpJNExUUXpOR0V0T1RFMllpMHhNREkxTnpNd016Rm1aR0l3Z2dFaU1BMEdDU3FHU0liM0RRRUIKQVFVQUE0SUJEd0F3Z2dFS0FvSUJBUURTSWZBNVladk9sa2tiMnJHRkVSVi9FVlZGNnBUdEhGVldodkpEZnhaZgpRSXd4aXU3bldwZW4vQlplU0Mxc1lUcEhNb3YraGE3bWlETFJ5eTczemdlTXhORUxXbHpNZjNMSEljYldyS2lZCkF0N0FSN0VQTjI5TExuNmlzakRHWUxhTzM2MUYvRTNTYlRLZTRPRG9qVnp6M0NIVEMrQmFzK3NtU2RnUUpOZ3IKUk9VQk94bEZybWEyNHBaKzJnMU1veHFsVEtJRVEwbjRTZ3Vzc29zWWFSOUtUaGFPNURVNU1IdzNNSU1LeTJieQpBTlZVeFJjNkQ2T0JFQi9uUktSY2FtbzNVb1JMSHFLVExySnlNSmttSUpwdi94RU5vRFFlRnQyaDRpdGRXWUlVCjR0UHRSVVd3UHB1VFhtYUl1UVlXWWdNaEZaVFZMc0poVEdXZ1dCRVFrZUlYQWdNQkFBR2pJekFoTUE0R0ExVWQKRHdFQi93UUVBd0lDQkRBUEJnTlZIUk1CQWY4RUJUQURBUUgvTUEwR0NTcUdTSWIzRFFFQkN3VUFBNElCQVFDSwpNa0dmN25mdUpvZmNuRWl6YjVublpsZzdmTHUvaDZvR2plSVc0bVRWcTRzOExKK2JCMGtyaEluT1hJTHpyaVJnCjZmYTJ2NWsyMk1CK0lXcFRTS1R3RXNnVmp6WWo2K0paVzZiYjByYWlRWlFGa1lCOUc4aTlZTTBBTC94VlNsdHUKK3dPQWIyb2toT0MzbVRTamVYZGRVczJ2YS8wWUFlVVV1SVBDdjU4YUExN0ZvR1hueXNtQ2dpR0t6dzRGaUwreAppSjF3TWdCKzcxOThtdDZVVS8raDIzaHdlNDNkcWYvSmhRbzJqZXNHOFVHeDlZeTRLaDhyckhJVDEveXNKbXRrClZIYlRPYytuS2pmVDZaL2E5cld0K0xxdkREdXpkdUJsVm8xVVFqWDRDamZXUHBIZnYxVUpCU3FyWlhUZGVYejgKQVBWRm9SNGFpb0tlUjBha1hhbjgKLS0tLS1FTkQgQ0VSVElGSUNBVEUtLS0tLQo=\n  name: gke-cluster\nusers:\n- name: fds382lkj-2-0kkjlww\n  user:\n    password: rewqr23crwejrr01efew92\n    username: fds382lkj-2-0kkjlww\n    client-certificate-data: \n    client-key-data: \n\n",
                            "filename": "kubeconfig",
                            "id": "e1c544a70a4bf0c4e08c990ec1273d2d110bd214"
                        },
                        "meta": {},
                        "tainted": false
                    },
                    "deposed": [],
                    "provider": ""
                },
                "null_resource.configure_tiller_jenkins": {
                    "type": "null_resource",
                    "depends_on": [
                        "google_container_node_pool.primary",
                        "kubernetes_namespace.jenkins",
                        "local_file.kubeconfig"
                    ],
                    "primary": {
                        "id": "7786240352284216850",
                        "attributes": {
                            "id": "7786240352284216850"
                        },
                        "meta": {},
                        "tainted": false
                    },
                    "deposed": [],
                    "provider": ""
                }
            },
            "depends_on": []
        }
    ]
}
